
Microsoft Visual Studio Solution File, Format Version 12.00
# Visual Studio 15
VisualStudioVersion = 15.0.28307.645
MinimumVisualStudioVersion = 10.0.40219.1
Project("{9A19103F-16F7-4668-BE54-9A1E7A4F7556}") = "GestureFix", "GestureFix.csproj", "{944B2314-50FD-4C8C-9E0A-ED2D83212008}"
EndProject
Global
	GlobalSection(SolutionConfigurationPlatforms) = preSolution
		Debug|Any CPU = Debug|Any CPU
		Release|Any CPU = Release|Any CPU
	EndGlobalSection
	GlobalSection(ProjectConfigurationPlatforms) = postSolution
		{944B2314-50FD-4C8C-9E0A-ED2D83212008}.Debug|Any CPU.ActiveCfg = Debug|Any CPU
		{944B2314-50FD-4C8C-9E0A-ED2D83212008}.Debug|Any CPU.Build.0 = Debug|Any CPU
		{944B2314-50FD-4C8C-9E0A-ED2D83212008}.Release|Any CPU.ActiveCfg = Release|Any CPU
		{944B2314-50FD-4C8C-9E0A-ED2D83212008}.Release|Any CPU.Build.0 = Release|Any CPU
	EndGlobalSection
	GlobalSection(SolutionProperties) = preSolution
		HideSolutionNode = FALSE
	EndGlobalSection
	GlobalSection(ExtensibilityGlobals) = postSolution
		SolutionGuid = {755FBDFC-01C1-42E0-ACFA-7559E3E0AECC}
	EndGlobalSection
EndGlobal
